
Microsoft Visual Studio Solution File, Format Version 12.00
# Visual Studio Version 17
VisualStudioVersion = 17.3.32929.385
MinimumVisualStudioVersion = 10.0.40219.1
Project("{FAE04EC0-301F-11D3-BF4B-00C04F79EFBC}") = "yakalamaoyunu", "yakalamaoyunu\yakalamaoyunu.csproj", "{0682C2BE-F1CA-4D2D-A364-6005F9A43D72}"
EndProject
Global
	GlobalSection(SolutionConfigurationPlatforms) = preSolution
		Debug|Any CPU = Debug|Any CPU
		Release|Any CPU = Release|Any CPU
	EndGlobalSection
	GlobalSection(ProjectConfigurationPlatforms) = postSolution
		{0682C2BE-F1CA-4D2D-A364-6005F9A43D72}.Debug|Any CPU.ActiveCfg = Debug|Any CPU
		{0682C2BE-F1CA-4D2D-A364-6005F9A43D72}.Debug|Any CPU.Build.0 = Debug|Any CPU
		{0682C2BE-F1CA-4D2D-A364-6005F9A43D72}.Release|Any CPU.ActiveCfg = Release|Any CPU
		{0682C2BE-F1CA-4D2D-A364-6005F9A43D72}.Release|Any CPU.Build.0 = Release|Any CPU
	EndGlobalSection
	GlobalSection(SolutionProperties) = preSolution
		HideSolutionNode = FALSE
	EndGlobalSection
	GlobalSection(ExtensibilityGlobals) = postSolution
		SolutionGuid = {50E61F1A-A91E-4EC1-A2C2-A7C31EA03B1D}
	EndGlobalSection
EndGlobal
